// !$*UTF8*$!
{
	archiveVersion = 1;
	classes = {
	};
	objectVersion = 55;
	objects = {

/* Begin PBXBuildFile section */
		911B52DF279D035B001A8169 /* TableCellDelegate.swift in Sources */ = {isa = PBXBuildFile; fileRef = 911B52DE279D035B001A8169 /* TableCellDelegate.swift */; };
		911B52E1279D037B001A8169 /* TableCellDataSource.swift in Sources */ = {isa = PBXBuildFile; fileRef = 911B52E0279D037B001A8169 /* TableCellDataSource.swift */; };
		911B52E5279D0986001A8169 /* HomeViewModel.swift in Sources */ = {isa = PBXBuildFile; fileRef = 911B52E4279D0986001A8169 /* HomeViewModel.swift */; };
		917F377627A1243E006BA221 /* DetailDisplayFields.swift in Sources */ = {isa = PBXBuildFile; fileRef = 917F377527A1243E006BA221 /* DetailDisplayFields.swift */; };
		917F37A627A1360B006BA221 /* Residents.swift in Sources */ = {isa = PBXBuildFile; fileRef = 917F379C27A1360B006BA221 /* Residents.swift */; };
		917F37A727A1360B006BA221 /* Planets.swift in Sources */ = {isa = PBXBuildFile; fileRef = 917F379F27A1360B006BA221 /* Planets.swift */; };
		917F37AB27A1362A006BA221 /* PlanetsAttributeTransformer.swift in Sources */ = {isa = PBXBuildFile; fileRef = 917F37AA27A1362A006BA221 /* PlanetsAttributeTransformer.swift */; };
		917F37AD27A1365F006BA221 /* PlanetsNSSecureCoding.swift in Sources */ = {isa = PBXBuildFile; fileRef = 917F37AC27A1365F006BA221 /* PlanetsNSSecureCoding.swift */; };
		917F37AF27A13681006BA221 /* PeopleAttributeTransformer.swift in Sources */ = {isa = PBXBuildFile; fileRef = 917F37AE27A13681006BA221 /* PeopleAttributeTransformer.swift */; };
		917F37B127A13687006BA221 /* PeopleNSSecureCoding.swift in Sources */ = {isa = PBXBuildFile; fileRef = 917F37B027A13687006BA221 /* PeopleNSSecureCoding.swift */; };
		917F37E927A19AEA006BA221 /* Planets+Operations.swift in Sources */ = {isa = PBXBuildFile; fileRef = 917F37E827A19AEA006BA221 /* Planets+Operations.swift */; };
		9180036B279DFA5C00F0FEDD /* ParserHelper.swift in Sources */ = {isa = PBXBuildFile; fileRef = 9180036A279DFA5C00F0FEDD /* ParserHelper.swift */; };
		9180036E279DFA8E00F0FEDD /* Result.swift in Sources */ = {isa = PBXBuildFile; fileRef = 9180036D279DFA8E00F0FEDD /* Result.swift */; };
		91800370279DFAB100F0FEDD /* ErrorResult.swift in Sources */ = {isa = PBXBuildFile; fileRef = 9180036F279DFAB100F0FEDD /* ErrorResult.swift */; };
		91800380279E036800F0FEDD /* ReachabilityError.swift in Sources */ = {isa = PBXBuildFile; fileRef = 9180037E279E036800F0FEDD /* ReachabilityError.swift */; };
		91800381279E036800F0FEDD /* Reachability.swift in Sources */ = {isa = PBXBuildFile; fileRef = 9180037F279E036800F0FEDD /* Reachability.swift */; };
		91800383279E041100F0FEDD /* APIRouter.swift in Sources */ = {isa = PBXBuildFile; fileRef = 91800382279E041100F0FEDD /* APIRouter.swift */; };
		91800388279E046300F0FEDD /* Parceable.swift in Sources */ = {isa = PBXBuildFile; fileRef = 91800387279E046300F0FEDD /* Parceable.swift */; };
		9180038B279E049900F0FEDD /* RouterProtocol.swift in Sources */ = {isa = PBXBuildFile; fileRef = 9180038A279E049900F0FEDD /* RouterProtocol.swift */; };
		91800392279E051400F0FEDD /* NetworkService.swift in Sources */ = {isa = PBXBuildFile; fileRef = 9180038F279E051400F0FEDD /* NetworkService.swift */; };
		91800393279E051400F0FEDD /* NetworkHandler.swift in Sources */ = {isa = PBXBuildFile; fileRef = 91800390279E051400F0FEDD /* NetworkHandler.swift */; };
		91800394279E051400F0FEDD /* NetworkMethod.swift in Sources */ = {isa = PBXBuildFile; fileRef = 91800391279E051400F0FEDD /* NetworkMethod.swift */; };
		91800396279E058800F0FEDD /* NetworkingDataSource.swift in Sources */ = {isa = PBXBuildFile; fileRef = 91800395279E058800F0FEDD /* NetworkingDataSource.swift */; };
		91800398279E065900F0FEDD /* APIManager.swift in Sources */ = {isa = PBXBuildFile; fileRef = 91800397279E065900F0FEDD /* APIManager.swift */; };
		9180039B279E08A100F0FEDD /* ListViewModel.swift in Sources */ = {isa = PBXBuildFile; fileRef = 9180039A279E08A100F0FEDD /* ListViewModel.swift */; };
		9180039F279E38D300F0FEDD /* UIViewController.swift in Sources */ = {isa = PBXBuildFile; fileRef = 9180039E279E38D300F0FEDD /* UIViewController.swift */; };
		918003A3279E4F9700F0FEDD /* DetailViewModel.swift in Sources */ = {isa = PBXBuildFile; fileRef = 918003A2279E4F9700F0FEDD /* DetailViewModel.swift */; };
		91BCC50627A3593900D01392 /* Films.swift in Sources */ = {isa = PBXBuildFile; fileRef = 917F379827A1360B006BA221 /* Films.swift */; };
		91BCC50727A3599600D01392 /* FilmsNSSecureCoding.swift in Sources */ = {isa = PBXBuildFile; fileRef = 917F37B427A136E2006BA221 /* FilmsNSSecureCoding.swift */; };
		91BCC50827A3599600D01392 /* FilmsAttributeTransformer.swift in Sources */ = {isa = PBXBuildFile; fileRef = 917F37B627A1373A006BA221 /* FilmsAttributeTransformer.swift */; };
		91BCC50927A3599D00D01392 /* VehiclesAttributeTransformer.swift in Sources */ = {isa = PBXBuildFile; fileRef = 917F37D627A174CB006BA221 /* VehiclesAttributeTransformer.swift */; };
		91BCC50A27A3599D00D01392 /* Vehicles.swift in Sources */ = {isa = PBXBuildFile; fileRef = 917F37D727A174CB006BA221 /* Vehicles.swift */; };
		91BCC50B27A3599D00D01392 /* VehiclesNSSecureCoding.swift in Sources */ = {isa = PBXBuildFile; fileRef = 917F37D827A174CB006BA221 /* VehiclesNSSecureCoding.swift */; };
		91BCC50C27A3599D00D01392 /* SpicesNSSecureCoding.swift in Sources */ = {isa = PBXBuildFile; fileRef = 917F37D227A174CB006BA221 /* SpicesNSSecureCoding.swift */; };
		91BCC50D27A3599D00D01392 /* SpicesAttributeTransformer.swift in Sources */ = {isa = PBXBuildFile; fileRef = 917F37D327A174CB006BA221 /* SpicesAttributeTransformer.swift */; };
		91BCC50E27A3599D00D01392 /* StarshipsNSSecureCoding.swift in Sources */ = {isa = PBXBuildFile; fileRef = 917F37CF27A174CB006BA221 /* StarshipsNSSecureCoding.swift */; };
		91BCC50F27A3599D00D01392 /* Starships.swift in Sources */ = {isa = PBXBuildFile; fileRef = 917F37D027A174CB006BA221 /* Starships.swift */; };
		91BCC51027A3599D00D01392 /* Spices.swift in Sources */ = {isa = PBXBuildFile; fileRef = 917F37D427A174CB006BA221 /* Spices.swift */; };
		91BCC51127A3599D00D01392 /* StarshipsAttributeTransformer.swift in Sources */ = {isa = PBXBuildFile; fileRef = 917F37CE27A174CB006BA221 /* StarshipsAttributeTransformer.swift */; };
		91BCC52127A399FC00D01392 /* CoreDataHelper+Entities.swift in Sources */ = {isa = PBXBuildFile; fileRef = 91BCC52027A399FC00D01392 /* CoreDataHelper+Entities.swift */; };
		91BCC52327A39B2D00D01392 /* ListViewModel+API.swift in Sources */ = {isa = PBXBuildFile; fileRef = 91BCC52227A39B2D00D01392 /* ListViewModel+API.swift */; };
		91BCC52927A39FC600D01392 /* XCUIElement.swift in Sources */ = {isa = PBXBuildFile; fileRef = 91BCC52827A39FC600D01392 /* XCUIElement.swift */; };
		91BCC52B27A3A2B900D01392 /* HomeUITests.swift in Sources */ = {isa = PBXBuildFile; fileRef = 91BCC52A27A3A2B900D01392 /* HomeUITests.swift */; };
		91BCC52D27A3AE4E00D01392 /* ListUITests.swift in Sources */ = {isa = PBXBuildFile; fileRef = 91BCC52C27A3AE4E00D01392 /* ListUITests.swift */; };
		91BCC52F27A3AF4000D01392 /* NavigationTests.swift in Sources */ = {isa = PBXBuildFile; fileRef = 91BCC52E27A3AF4000D01392 /* NavigationTests.swift */; };
		91BCC53127A3B96000D01392 /* DetailUITest.swift in Sources */ = {isa = PBXBuildFile; fileRef = 91BCC53027A3B96000D01392 /* DetailUITest.swift */; };
		91BCC53327A3C3BE00D01392 /* MockHomeViewController.swift in Sources */ = {isa = PBXBuildFile; fileRef = 91BCC53227A3C3BE00D01392 /* MockHomeViewController.swift */; };
		91BCC53527A3C40A00D01392 /* MockHomeViewController.swift in Sources */ = {isa = PBXBuildFile; fileRef = 91BCC53227A3C3BE00D01392 /* MockHomeViewController.swift */; };
		91BCC53727A3C4F200D01392 /* UINavigationControllerMock.swift in Sources */ = {isa = PBXBuildFile; fileRef = 91BCC53627A3C4F200D01392 /* UINavigationControllerMock.swift */; };
		91BCC53827A3C4FD00D01392 /* UINavigationControllerMock.swift in Sources */ = {isa = PBXBuildFile; fileRef = 91BCC53627A3C4F200D01392 /* UINavigationControllerMock.swift */; };
		91BCC53E27A3C5BD00D01392 /* HomeViewModelTests.swift in Sources */ = {isa = PBXBuildFile; fileRef = 91BCC53D27A3C5BD00D01392 /* HomeViewModelTests.swift */; };
		91BCC54027A3C5D000D01392 /* ListViewModelTests.swift in Sources */ = {isa = PBXBuildFile; fileRef = 91BCC53F27A3C5D000D01392 /* ListViewModelTests.swift */; };
		91BCC54227A3C5DF00D01392 /* DetailViewModelTests.swift in Sources */ = {isa = PBXBuildFile; fileRef = 91BCC54127A3C5DF00D01392 /* DetailViewModelTests.swift */; };
		91BCC54A27A3EFC600D01392 /* MockURLSession.swift in Sources */ = {isa = PBXBuildFile; fileRef = 91BCC54927A3EFC600D01392 /* MockURLSession.swift */; };
		91BCC54C27A3F10500D01392 /* MockListViewModelProtocol.swift in Sources */ = {isa = PBXBuildFile; fileRef = 91BCC54B27A3F10500D01392 /* MockListViewModelProtocol.swift */; };
		91BCC54F27A3F15400D01392 /* MockHomeViewModelProtocol.swift in Sources */ = {isa = PBXBuildFile; fileRef = 91BCC54E27A3F15400D01392 /* MockHomeViewModelProtocol.swift */; };
		91BCC55227A3F18600D01392 /* MockDetailViewModelProtocol.swift in Sources */ = {isa = PBXBuildFile; fileRef = 91BCC55127A3F18600D01392 /* MockDetailViewModelProtocol.swift */; };
		91BCC55527A3F65E00D01392 /* MockResponses.swift in Sources */ = {isa = PBXBuildFile; fileRef = 91BCC55427A3F65D00D01392 /* MockResponses.swift */; };
		91BCC55727A3F84400D01392 /* PlanetsFirstPageResponse.json in Resources */ = {isa = PBXBuildFile; fileRef = 91BCC55627A3F84400D01392 /* PlanetsFirstPageResponse.json */; };
		91BCC55A27A3F9A800D01392 /* PlanetsPageResponse.json in Resources */ = {isa = PBXBuildFile; fileRef = 91BCC55927A3F9A800D01392 /* PlanetsPageResponse.json */; };
		91BCC55C27A3F9CF00D01392 /* PlanetsLastPageResponse.json in Resources */ = {isa = PBXBuildFile; fileRef = 91BCC55B27A3F9CF00D01392 /* PlanetsLastPageResponse.json */; };
		91BCC56227A4107800D01392 /* MockURLProtocol.swift in Sources */ = {isa = PBXBuildFile; fileRef = 91BCC56127A4107800D01392 /* MockURLProtocol.swift */; };
		91C167D5279FA3EB007244D3 /* StarWars2.xcdatamodeld in Sources */ = {isa = PBXBuildFile; fileRef = 91C167D3279FA3EB007244D3 /* StarWars2.xcdatamodeld */; };
		91C16840279FBE20007244D3 /* FilmModel.swift in Sources */ = {isa = PBXBuildFile; fileRef = 91CBCF02279F647A00557A53 /* FilmModel.swift */; };
		91C16841279FBE23007244D3 /* PeopleModel.swift in Sources */ = {isa = PBXBuildFile; fileRef = 91CBCF06279F647A00557A53 /* PeopleModel.swift */; };
		91C743AB27A03C3900F32814 /* StarshipModel.swift in Sources */ = {isa = PBXBuildFile; fileRef = 91C743AA27A03C3900F32814 /* StarshipModel.swift */; };
		91C743AD27A03C4700F32814 /* SpicesModel.swift in Sources */ = {isa = PBXBuildFile; fileRef = 91C743AC27A03C4700F32814 /* SpicesModel.swift */; };
		91C743AF27A03C5800F32814 /* VehicleModel.swift in Sources */ = {isa = PBXBuildFile; fileRef = 91C743AE27A03C5800F32814 /* VehicleModel.swift */; };
		91CB9686279EE4D500CFCADD /* UIStackView.swift in Sources */ = {isa = PBXBuildFile; fileRef = 91CB9685279EE4D500CFCADD /* UIStackView.swift */; };
		91CBCEFF279F467900557A53 /* CoreDataHelper.swift in Sources */ = {isa = PBXBuildFile; fileRef = 91CBCEFE279F467900557A53 /* CoreDataHelper.swift */; };
		91CBCF07279F647A00557A53 /* Gender.swift in Sources */ = {isa = PBXBuildFile; fileRef = 91CBCF01279F647A00557A53 /* Gender.swift */; };
		91CBCF09279F647A00557A53 /* BaseModel.swift in Sources */ = {isa = PBXBuildFile; fileRef = 91CBCF03279F647A00557A53 /* BaseModel.swift */; };
		91CBCF0A279F647A00557A53 /* StarWars.swift in Sources */ = {isa = PBXBuildFile; fileRef = 91CBCF04279F647A00557A53 /* StarWars.swift */; };
		91CBCF0B279F647A00557A53 /* PlanetModel.swift in Sources */ = {isa = PBXBuildFile; fileRef = 91CBCF05279F647A00557A53 /* PlanetModel.swift */; };
		91D64081279CC2C6003D9C21 /* StarWars2UITests.swift in Sources */ = {isa = PBXBuildFile; fileRef = 91D64080279CC2C6003D9C21 /* StarWars2UITests.swift */; };
		91D64083279CC2C6003D9C21 /* StarWars2UITestsLaunchTests.swift in Sources */ = {isa = PBXBuildFile; fileRef = 91D64082279CC2C6003D9C21 /* StarWars2UITestsLaunchTests.swift */; };
		91D640C5279CC6CD003D9C21 /* README.md in Resources */ = {isa = PBXBuildFile; fileRef = 91D640AA279CC6CD003D9C21 /* README.md */; };
		91D640C6279CC6CD003D9C21 /* Assets.xcassets in Resources */ = {isa = PBXBuildFile; fileRef = 91D640AD279CC6CD003D9C21 /* Assets.xcassets */; };
		91D640CA279CC6CD003D9C21 /* AppDelegate.swift in Sources */ = {isa = PBXBuildFile; fileRef = 91D640B8279CC6CD003D9C21 /* AppDelegate.swift */; };
		91D640CC279CC6CD003D9C21 /* SceneDelegate.swift in Sources */ = {isa = PBXBuildFile; fileRef = 91D640BA279CC6CD003D9C21 /* SceneDelegate.swift */; };
		91D640CE279CC6CD003D9C21 /* Constants.swift in Sources */ = {isa = PBXBuildFile; fileRef = 91D640C0279CC6CD003D9C21 /* Constants.swift */; };
		91D640CF279CC6CD003D9C21 /* String.swift in Sources */ = {isa = PBXBuildFile; fileRef = 91D640C2279CC6CD003D9C21 /* String.swift */; };
		91D640D5279CCDBC003D9C21 /* UIView.swift in Sources */ = {isa = PBXBuildFile; fileRef = 91D640D4279CCDBC003D9C21 /* UIView.swift */; };
		91D640D8279CCFAA003D9C21 /* HomeViewController.swift in Sources */ = {isa = PBXBuildFile; fileRef = 91D640D7279CCFAA003D9C21 /* HomeViewController.swift */; };
		91D640DB279CD023003D9C21 /* HomeViewCell.swift in Sources */ = {isa = PBXBuildFile; fileRef = 91D640DA279CD023003D9C21 /* HomeViewCell.swift */; };
		91D640DD279CD5D5003D9C21 /* ListViewCell.swift in Sources */ = {isa = PBXBuildFile; fileRef = 91D640DC279CD5D5003D9C21 /* ListViewCell.swift */; };
		91D640DF279CD5E9003D9C21 /* ListViewController.swift in Sources */ = {isa = PBXBuildFile; fileRef = 91D640DE279CD5E9003D9C21 /* ListViewController.swift */; };
		91D640E1279CD5F3003D9C21 /* DetailViewController.swift in Sources */ = {isa = PBXBuildFile; fileRef = 91D640E0279CD5F3003D9C21 /* DetailViewController.swift */; };
		91D640E3279CD60E003D9C21 /* DetailRowViewCell.swift in Sources */ = {isa = PBXBuildFile; fileRef = 91D640E2279CD60E003D9C21 /* DetailRowViewCell.swift */; };
		91F134B327A1C1B90056F13A /* LaunchScreen.storyboard in Resources */ = {isa = PBXBuildFile; fileRef = 91D640B4279CC6CD003D9C21 /* LaunchScreen.storyboard */; };
		91F134B427A1C1B90056F13A /* Main.storyboard in Resources */ = {isa = PBXBuildFile; fileRef = 91D640B6279CC6CD003D9C21 /* Main.storyboard */; };
/* End PBXBuildFile section */

/* Begin PBXContainerItemProxy section */
		91D64073279CC2C6003D9C21 /* PBXContainerItemProxy */ = {
			isa = PBXContainerItemProxy;
			containerPortal = 91D64051279CC2C4003D9C21 /* Project object */;
			proxyType = 1;
			remoteGlobalIDString = 91D64058279CC2C4003D9C21;
			remoteInfo = StarWars2;
		};
		91D6407D279CC2C6003D9C21 /* PBXContainerItemProxy */ = {
			isa = PBXContainerItemProxy;
			containerPortal = 91D64051279CC2C4003D9C21 /* Project object */;
			proxyType = 1;
			remoteGlobalIDString = 91D64058279CC2C4003D9C21;
			remoteInfo = StarWars2;
		};
/* End PBXContainerItemProxy section */

/* Begin PBXFileReference section */
		911B52DE279D035B001A8169 /* TableCellDelegate.swift */ = {isa = PBXFileReference; lastKnownFileType = sourcecode.swift; path = TableCellDelegate.swift; sourceTree = "<group>"; };
		911B52E0279D037B001A8169 /* TableCellDataSource.swift */ = {isa = PBXFileReference; lastKnownFileType = sourcecode.swift; path = TableCellDataSource.swift; sourceTree = "<group>"; };
		911B52E4279D0986001A8169 /* HomeViewModel.swift */ = {isa = PBXFileReference; lastKnownFileType = sourcecode.swift; path = HomeViewModel.swift; sourceTree = "<group>"; };
		917F377527A1243E006BA221 /* DetailDisplayFields.swift */ = {isa = PBXFileReference; lastKnownFileType = sourcecode.swift; path = DetailDisplayFields.swift; sourceTree = "<group>"; };
		917F379827A1360B006BA221 /* Films.swift */ = {isa = PBXFileReference; fileEncoding = 4; lastKnownFileType = sourcecode.swift; path = Films.swift; sourceTree = "<group>"; };
		917F379C27A1360B006BA221 /* Residents.swift */ = {isa = PBXFileReference; fileEncoding = 4; lastKnownFileType = sourcecode.swift; path = Residents.swift; sourceTree = "<group>"; };
		917F379F27A1360B006BA221 /* Planets.swift */ = {isa = PBXFileReference; fileEncoding = 4; lastKnownFileType = sourcecode.swift; path = Planets.swift; sourceTree = "<group>"; };
		917F37AA27A1362A006BA221 /* PlanetsAttributeTransformer.swift */ = {isa = PBXFileReference; lastKnownFileType = sourcecode.swift; path = PlanetsAttributeTransformer.swift; sourceTree = "<group>"; };
		917F37AC27A1365F006BA221 /* PlanetsNSSecureCoding.swift */ = {isa = PBXFileReference; lastKnownFileType = sourcecode.swift; path = PlanetsNSSecureCoding.swift; sourceTree = "<group>"; };
		917F37AE27A13681006BA221 /* PeopleAttributeTransformer.swift */ = {isa = PBXFileReference; lastKnownFileType = sourcecode.swift; path = PeopleAttributeTransformer.swift; sourceTree = "<group>"; };
		917F37B027A13687006BA221 /* PeopleNSSecureCoding.swift */ = {isa = PBXFileReference; lastKnownFileType = sourcecode.swift; path = PeopleNSSecureCoding.swift; sourceTree = "<group>"; };
		917F37B427A136E2006BA221 /* FilmsNSSecureCoding.swift */ = {isa = PBXFileReference; lastKnownFileType = sourcecode.swift; path = FilmsNSSecureCoding.swift; sourceTree = "<group>"; };
		917F37B627A1373A006BA221 /* FilmsAttributeTransformer.swift */ = {isa = PBXFileReference; fileEncoding = 4; lastKnownFileType = sourcecode.swift; path = FilmsAttributeTransformer.swift; sourceTree = "<group>"; };
		917F37CE27A174CB006BA221 /* StarshipsAttributeTransformer.swift */ = {isa = PBXFileReference; fileEncoding = 4; lastKnownFileType = sourcecode.swift; path = StarshipsAttributeTransformer.swift; sourceTree = "<group>"; };
		917F37CF27A174CB006BA221 /* StarshipsNSSecureCoding.swift */ = {isa = PBXFileReference; fileEncoding = 4; lastKnownFileType = sourcecode.swift; path = StarshipsNSSecureCoding.swift; sourceTree = "<group>"; };
		917F37D027A174CB006BA221 /* Starships.swift */ = {isa = PBXFileReference; fileEncoding = 4; lastKnownFileType = sourcecode.swift; path = Starships.swift; sourceTree = "<group>"; };
		917F37D227A174CB006BA221 /* SpicesNSSecureCoding.swift */ = {isa = PBXFileReference; fileEncoding = 4; lastKnownFileType = sourcecode.swift; path = SpicesNSSecureCoding.swift; sourceTree = "<group>"; };
		917F37D327A174CB006BA221 /* SpicesAttributeTransformer.swift */ = {isa = PBXFileReference; fileEncoding = 4; lastKnownFileType = sourcecode.swift; path = SpicesAttributeTransformer.swift; sourceTree = "<group>"; };
		917F37D427A174CB006BA221 /* Spices.swift */ = {isa = PBXFileReference; fileEncoding = 4; lastKnownFileType = sourcecode.swift; path = Spices.swift; sourceTree = "<group>"; };
		917F37D627A174CB006BA221 /* VehiclesAttributeTransformer.swift */ = {isa = PBXFileReference; fileEncoding = 4; lastKnownFileType = sourcecode.swift; path = VehiclesAttributeTransformer.swift; sourceTree = "<group>"; };
		917F37D727A174CB006BA221 /* Vehicles.swift */ = {isa = PBXFileReference; fileEncoding = 4; lastKnownFileType = sourcecode.swift; path = Vehicles.swift; sourceTree = "<group>"; };
		917F37D827A174CB006BA221 /* VehiclesNSSecureCoding.swift */ = {isa = PBXFileReference; fileEncoding = 4; lastKnownFileType = sourcecode.swift; path = VehiclesNSSecureCoding.swift; sourceTree = "<group>"; };
		917F37E827A19AEA006BA221 /* Planets+Operations.swift */ = {isa = PBXFileReference; lastKnownFileType = sourcecode.swift; path = "Planets+Operations.swift"; sourceTree = "<group>"; };
		9180036A279DFA5C00F0FEDD /* ParserHelper.swift */ = {isa = PBXFileReference; lastKnownFileType = sourcecode.swift; path = ParserHelper.swift; sourceTree = "<group>"; };
		9180036D279DFA8E00F0FEDD /* Result.swift */ = {isa = PBXFileReference; lastKnownFileType = sourcecode.swift; path = Result.swift; sourceTree = "<group>"; };
		9180036F279DFAB100F0FEDD /* ErrorResult.swift */ = {isa = PBXFileReference; lastKnownFileType = sourcecode.swift; path = ErrorResult.swift; sourceTree = "<group>"; };
		9180037E279E036800F0FEDD /* ReachabilityError.swift */ = {isa = PBXFileReference; fileEncoding = 4; lastKnownFileType = sourcecode.swift; path = ReachabilityError.swift; sourceTree = "<group>"; };
		9180037F279E036800F0FEDD /* Reachability.swift */ = {isa = PBXFileReference; fileEncoding = 4; lastKnownFileType = sourcecode.swift; path = Reachability.swift; sourceTree = "<group>"; };
		91800382279E041100F0FEDD /* APIRouter.swift */ = {isa = PBXFileReference; lastKnownFileType = sourcecode.swift; path = APIRouter.swift; sourceTree = "<group>"; };
		91800387279E046300F0FEDD /* Parceable.swift */ = {isa = PBXFileReference; lastKnownFileType = sourcecode.swift; path = Parceable.swift; sourceTree = "<group>"; };
		9180038A279E049900F0FEDD /* RouterProtocol.swift */ = {isa = PBXFileReference; lastKnownFileType = sourcecode.swift; path = RouterProtocol.swift; sourceTree = "<group>"; };
		9180038F279E051400F0FEDD /* NetworkService.swift */ = {isa = PBXFileReference; fileEncoding = 4; lastKnownFileType = sourcecode.swift; path = NetworkService.swift; sourceTree = "<group>"; };
		91800390279E051400F0FEDD /* NetworkHandler.swift */ = {isa = PBXFileReference; fileEncoding = 4; lastKnownFileType = sourcecode.swift; path = NetworkHandler.swift; sourceTree = "<group>"; };
		91800391279E051400F0FEDD /* NetworkMethod.swift */ = {isa = PBXFileReference; fileEncoding = 4; lastKnownFileType = sourcecode.swift; path = NetworkMethod.swift; sourceTree = "<group>"; };
		91800395279E058800F0FEDD /* NetworkingDataSource.swift */ = {isa = PBXFileReference; lastKnownFileType = sourcecode.swift; path = NetworkingDataSource.swift; sourceTree = "<group>"; };
		91800397279E065900F0FEDD /* APIManager.swift */ = {isa = PBXFileReference; lastKnownFileType = sourcecode.swift; path = APIManager.swift; sourceTree = "<group>"; };
		9180039A279E08A100F0FEDD /* ListViewModel.swift */ = {isa = PBXFileReference; lastKnownFileType = sourcecode.swift; path = ListViewModel.swift; sourceTree = "<group>"; };
		9180039E279E38D300F0FEDD /* UIViewController.swift */ = {isa = PBXFileReference; lastKnownFileType = sourcecode.swift; path = UIViewController.swift; sourceTree = "<group>"; };
		918003A2279E4F9700F0FEDD /* DetailViewModel.swift */ = {isa = PBXFileReference; lastKnownFileType = sourcecode.swift; path = DetailViewModel.swift; sourceTree = "<group>"; };
		91BCC52027A399FC00D01392 /* CoreDataHelper+Entities.swift */ = {isa = PBXFileReference; lastKnownFileType = sourcecode.swift; path = "CoreDataHelper+Entities.swift"; sourceTree = "<group>"; };
		91BCC52227A39B2D00D01392 /* ListViewModel+API.swift */ = {isa = PBXFileReference; lastKnownFileType = sourcecode.swift; path = "ListViewModel+API.swift"; sourceTree = "<group>"; };
		91BCC52827A39FC600D01392 /* XCUIElement.swift */ = {isa = PBXFileReference; lastKnownFileType = sourcecode.swift; path = XCUIElement.swift; sourceTree = "<group>"; };
		91BCC52A27A3A2B900D01392 /* HomeUITests.swift */ = {isa = PBXFileReference; lastKnownFileType = sourcecode.swift; path = HomeUITests.swift; sourceTree = "<group>"; };
		91BCC52C27A3AE4E00D01392 /* ListUITests.swift */ = {isa = PBXFileReference; lastKnownFileType = sourcecode.swift; path = ListUITests.swift; sourceTree = "<group>"; };
		91BCC52E27A3AF4000D01392 /* NavigationTests.swift */ = {isa = PBXFileReference; lastKnownFileType = sourcecode.swift; path = NavigationTests.swift; sourceTree = "<group>"; };
		91BCC53027A3B96000D01392 /* DetailUITest.swift */ = {isa = PBXFileReference; lastKnownFileType = sourcecode.swift; path = DetailUITest.swift; sourceTree = "<group>"; };
		91BCC53227A3C3BE00D01392 /* MockHomeViewController.swift */ = {isa = PBXFileReference; lastKnownFileType = sourcecode.swift; path = MockHomeViewController.swift; sourceTree = "<group>"; };
		91BCC53627A3C4F200D01392 /* UINavigationControllerMock.swift */ = {isa = PBXFileReference; lastKnownFileType = sourcecode.swift; path = UINavigationControllerMock.swift; sourceTree = "<group>"; };
		91BCC53D27A3C5BD00D01392 /* HomeViewModelTests.swift */ = {isa = PBXFileReference; lastKnownFileType = sourcecode.swift; path = HomeViewModelTests.swift; sourceTree = "<group>"; };
		91BCC53F27A3C5D000D01392 /* ListViewModelTests.swift */ = {isa = PBXFileReference; lastKnownFileType = sourcecode.swift; path = ListViewModelTests.swift; sourceTree = "<group>"; };
		91BCC54127A3C5DF00D01392 /* DetailViewModelTests.swift */ = {isa = PBXFileReference; lastKnownFileType = sourcecode.swift; path = DetailViewModelTests.swift; sourceTree = "<group>"; };
		91BCC54927A3EFC600D01392 /* MockURLSession.swift */ = {isa = PBXFileReference; lastKnownFileType = sourcecode.swift; name = MockURLSession.swift; path = /Users/devashreeks/Desktop/SW/StarWars2Tests/Mocks/Responses/MockURLSession.swift; sourceTree = "<absolute>"; };
		91BCC54B27A3F10500D01392 /* MockListViewModelProtocol.swift */ = {isa = PBXFileReference; lastKnownFileType = sourcecode.swift; path = MockListViewModelProtocol.swift; sourceTree = "<group>"; };
		91BCC54E27A3F15400D01392 /* MockHomeViewModelProtocol.swift */ = {isa = PBXFileReference; lastKnownFileType = sourcecode.swift; path = MockHomeViewModelProtocol.swift; sourceTree = "<group>"; };
		91BCC55127A3F18600D01392 /* MockDetailViewModelProtocol.swift */ = {isa = PBXFileReference; lastKnownFileType = sourcecode.swift; path = MockDetailViewModelProtocol.swift; sourceTree = "<group>"; };
		91BCC55427A3F65D00D01392 /* MockResponses.swift */ = {isa = PBXFileReference; lastKnownFileType = sourcecode.swift; path = MockResponses.swift; sourceTree = "<group>"; };
		91BCC55627A3F84400D01392 /* PlanetsFirstPageResponse.json */ = {isa = PBXFileReference; lastKnownFileType = text.json; path = PlanetsFirstPageResponse.json; sourceTree = "<group>"; xcLanguageSpecificationIdentifier = xcode.lang.json; };
		91BCC55927A3F9A800D01392 /* PlanetsPageResponse.json */ = {isa = PBXFileReference; lastKnownFileType = text.json; path = PlanetsPageResponse.json; sourceTree = "<group>"; xcLanguageSpecificationIdentifier = xcode.lang.json; };
		91BCC55B27A3F9CF00D01392 /* PlanetsLastPageResponse.json */ = {isa = PBXFileReference; lastKnownFileType = text.json; path = PlanetsLastPageResponse.json; sourceTree = "<group>"; xcLanguageSpecificationIdentifier = xcode.lang.json; };
		91BCC56127A4107800D01392 /* MockURLProtocol.swift */ = {isa = PBXFileReference; lastKnownFileType = sourcecode.swift; path = MockURLProtocol.swift; sourceTree = "<group>"; };
		91BCC56327A4113500D01392 /* NetworkLayerTests.swift */ = {isa = PBXFileReference; lastKnownFileType = sourcecode.swift; path = NetworkLayerTests.swift; sourceTree = "<group>"; };
		91BCC56827A41C9700D01392 /* Features.md */ = {isa = PBXFileReference; lastKnownFileType = net.daringfireball.markdown; path = Features.md; sourceTree = "<group>"; };
		91C167D4279FA3EB007244D3 /* StarWars2.xcdatamodel */ = {isa = PBXFileReference; lastKnownFileType = wrapper.xcdatamodel; path = StarWars2.xcdatamodel; sourceTree = "<group>"; };
		91C743AA27A03C3900F32814 /* StarshipModel.swift */ = {isa = PBXFileReference; lastKnownFileType = sourcecode.swift; path = StarshipModel.swift; sourceTree = "<group>"; };
		91C743AC27A03C4700F32814 /* SpicesModel.swift */ = {isa = PBXFileReference; lastKnownFileType = sourcecode.swift; path = SpicesModel.swift; sourceTree = "<group>"; };
		91C743AE27A03C5800F32814 /* VehicleModel.swift */ = {isa = PBXFileReference; lastKnownFileType = sourcecode.swift; path = VehicleModel.swift; sourceTree = "<group>"; };
		91CB9685279EE4D500CFCADD /* UIStackView.swift */ = {isa = PBXFileReference; lastKnownFileType = sourcecode.swift; path = UIStackView.swift; sourceTree = "<group>"; };
		91CBCEFE279F467900557A53 /* CoreDataHelper.swift */ = {isa = PBXFileReference; lastKnownFileType = sourcecode.swift; path = CoreDataHelper.swift; sourceTree = "<group>"; };
		91CBCF01279F647A00557A53 /* Gender.swift */ = {isa = PBXFileReference; fileEncoding = 4; lastKnownFileType = sourcecode.swift; path = Gender.swift; sourceTree = "<group>"; };
		91CBCF02279F647A00557A53 /* FilmModel.swift */ = {isa = PBXFileReference; fileEncoding = 4; lastKnownFileType = sourcecode.swift; path = FilmModel.swift; sourceTree = "<group>"; };
		91CBCF03279F647A00557A53 /* BaseModel.swift */ = {isa = PBXFileReference; fileEncoding = 4; lastKnownFileType = sourcecode.swift; path = BaseModel.swift; sourceTree = "<group>"; };
		91CBCF04279F647A00557A53 /* StarWars.swift */ = {isa = PBXFileReference; fileEncoding = 4; lastKnownFileType = sourcecode.swift; path = StarWars.swift; sourceTree = "<group>"; };
		91CBCF05279F647A00557A53 /* PlanetModel.swift */ = {isa = PBXFileReference; fileEncoding = 4; lastKnownFileType = sourcecode.swift; path = PlanetModel.swift; sourceTree = "<group>"; };
		91CBCF06279F647A00557A53 /* PeopleModel.swift */ = {isa = PBXFileReference; fileEncoding = 4; lastKnownFileType = sourcecode.swift; path = PeopleModel.swift; sourceTree = "<group>"; };
		91D64059279CC2C4003D9C21 /* StarWars2.app */ = {isa = PBXFileReference; explicitFileType = wrapper.application; includeInIndex = 0; path = StarWars2.app; sourceTree = BUILT_PRODUCTS_DIR; };
		91D64072279CC2C6003D9C21 /* StarWars2Tests.xctest */ = {isa = PBXFileReference; explicitFileType = wrapper.cfbundle; includeInIndex = 0; path = StarWars2Tests.xctest; sourceTree = BUILT_PRODUCTS_DIR; };
		91D6407C279CC2C6003D9C21 /* StarWars2UITests.xctest */ = {isa = PBXFileReference; explicitFileType = wrapper.cfbundle; includeInIndex = 0; path = StarWars2UITests.xctest; sourceTree = BUILT_PRODUCTS_DIR; };
		91D64080279CC2C6003D9C21 /* StarWars2UITests.swift */ = {isa = PBXFileReference; lastKnownFileType = sourcecode.swift; path = StarWars2UITests.swift; sourceTree = "<group>"; };
		91D64082279CC2C6003D9C21 /* StarWars2UITestsLaunchTests.swift */ = {isa = PBXFileReference; lastKnownFileType = sourcecode.swift; path = StarWars2UITestsLaunchTests.swift; sourceTree = "<group>"; };
		91D640AA279CC6CD003D9C21 /* README.md */ = {isa = PBXFileReference; fileEncoding = 4; lastKnownFileType = net.daringfireball.markdown; path = README.md; sourceTree = "<group>"; };
		91D640AD279CC6CD003D9C21 /* Assets.xcassets */ = {isa = PBXFileReference; lastKnownFileType = folder.assetcatalog; path = Assets.xcassets; sourceTree = "<group>"; };
		91D640B5279CC6CD003D9C21 /* Base */ = {isa = PBXFileReference; lastKnownFileType = file.storyboard; name = Base; path = Base.lproj/LaunchScreen.storyboard; sourceTree = "<group>"; };
		91D640B7279CC6CD003D9C21 /* Base */ = {isa = PBXFileReference; lastKnownFileType = file.storyboard; name = Base; path = Base.lproj/Main.storyboard; sourceTree = "<group>"; };
		91D640B8279CC6CD003D9C21 /* AppDelegate.swift */ = {isa = PBXFileReference; fileEncoding = 4; lastKnownFileType = sourcecode.swift; path = AppDelegate.swift; sourceTree = "<group>"; };
		91D640BA279CC6CD003D9C21 /* SceneDelegate.swift */ = {isa = PBXFileReference; fileEncoding = 4; lastKnownFileType = sourcecode.swift; path = SceneDelegate.swift; sourceTree = "<group>"; };
		91D640C0279CC6CD003D9C21 /* Constants.swift */ = {isa = PBXFileReference; fileEncoding = 4; lastKnownFileType = sourcecode.swift; path = Constants.swift; sourceTree = "<group>"; };
		91D640C2279CC6CD003D9C21 /* String.swift */ = {isa = PBXFileReference; fileEncoding = 4; lastKnownFileType = sourcecode.swift; path = String.swift; sourceTree = "<group>"; };
		91D640D4279CCDBC003D9C21 /* UIView.swift */ = {isa = PBXFileReference; lastKnownFileType = sourcecode.swift; path = UIView.swift; sourceTree = "<group>"; };
		91D640D7279CCFAA003D9C21 /* HomeViewController.swift */ = {isa = PBXFileReference; lastKnownFileType = sourcecode.swift; path = HomeViewController.swift; sourceTree = "<group>"; };
		91D640DA279CD023003D9C21 /* HomeViewCell.swift */ = {isa = PBXFileReference; lastKnownFileType = sourcecode.swift; path = HomeViewCell.swift; sourceTree = "<group>"; };
		91D640DC279CD5D5003D9C21 /* ListViewCell.swift */ = {isa = PBXFileReference; lastKnownFileType = sourcecode.swift; path = ListViewCell.swift; sourceTree = "<group>"; };
		91D640DE279CD5E9003D9C21 /* ListViewController.swift */ = {isa = PBXFileReference; lastKnownFileType = sourcecode.swift; path = ListViewController.swift; sourceTree = "<group>"; };
		91D640E0279CD5F3003D9C21 /* DetailViewController.swift */ = {isa = PBXFileReference; lastKnownFileType = sourcecode.swift; path = DetailViewController.swift; sourceTree = "<group>"; };
		91D640E2279CD60E003D9C21 /* DetailRowViewCell.swift */ = {isa = PBXFileReference; lastKnownFileType = sourcecode.swift; path = DetailRowViewCell.swift; sourceTree = "<group>"; };
		91D640E8279CDC1F003D9C21 /* Info.plist */ = {isa = PBXFileReference; lastKnownFileType = text.plist; path = Info.plist; sourceTree = "<group>"; };
/* End PBXFileReference section */

/* Begin PBXFrameworksBuildPhase section */
		91D64056279CC2C4003D9C21 /* Frameworks */ = {
			isa = PBXFrameworksBuildPhase;
			buildActionMask = 2147483647;
			files = (
			);
			runOnlyForDeploymentPostprocessing = 0;
		};
		91D6406F279CC2C6003D9C21 /* Frameworks */ = {
			isa = PBXFrameworksBuildPhase;
			buildActionMask = 2147483647;
			files = (
			);
			runOnlyForDeploymentPostprocessing = 0;
		};
		91D64079279CC2C6003D9C21 /* Frameworks */ = {
			isa = PBXFrameworksBuildPhase;
			buildActionMask = 2147483647;
			files = (
			);
			runOnlyForDeploymentPostprocessing = 0;
		};
/* End PBXFrameworksBuildPhase section */

/* Begin PBXGroup section */
		917F379727A1360B006BA221 /* CoreDataModel */ = {
			isa = PBXGroup;
			children = (
				917F37D127A174CB006BA221 /* Spices */,
				917F37CD27A174CB006BA221 /* Starships */,
				917F37D527A174CB006BA221 /* Vehicles */,
				917F379E27A1360B006BA221 /* Planets */,
				917F379B27A1360B006BA221 /* Residents */,
				917F379D27A1360B006BA221 /* Films */,
			);
			path = CoreDataModel;
			sourceTree = "<group>";
		};
		917F379B27A1360B006BA221 /* Residents */ = {
			isa = PBXGroup;
			children = (
				917F379C27A1360B006BA221 /* Residents.swift */,
				917F37AE27A13681006BA221 /* PeopleAttributeTransformer.swift */,
				917F37B027A13687006BA221 /* PeopleNSSecureCoding.swift */,
			);
			path = Residents;
			sourceTree = "<group>";
		};
		917F379D27A1360B006BA221 /* Films */ = {
			isa = PBXGroup;
			children = (
				917F379827A1360B006BA221 /* Films.swift */,
				917F37B627A1373A006BA221 /* FilmsAttributeTransformer.swift */,
				917F37B427A136E2006BA221 /* FilmsNSSecureCoding.swift */,
			);
			path = Films;
			sourceTree = "<group>";
		};
		917F379E27A1360B006BA221 /* Planets */ = {
			isa = PBXGroup;
			children = (
				917F379F27A1360B006BA221 /* Planets.swift */,
				917F37AA27A1362A006BA221 /* PlanetsAttributeTransformer.swift */,
				917F37AC27A1365F006BA221 /* PlanetsNSSecureCoding.swift */,
				917F37E827A19AEA006BA221 /* Planets+Operations.swift */,
			);
			path = Planets;
			sourceTree = "<group>";
		};
		917F37CD27A174CB006BA221 /* Starships */ = {
			isa = PBXGroup;
			children = (
				917F37CE27A174CB006BA221 /* StarshipsAttributeTransformer.swift */,
				917F37CF27A174CB006BA221 /* StarshipsNSSecureCoding.swift */,
				917F37D027A174CB006BA221 /* Starships.swift */,
			);
			path = Starships;
			sourceTree = "<group>";
		};
		917F37D127A174CB006BA221 /* Spices */ = {
			isa = PBXGroup;
			children = (
				917F37D227A174CB006BA221 /* SpicesNSSecureCoding.swift */,
				917F37D327A174CB006BA221 /* SpicesAttributeTransformer.swift */,
				917F37D427A174CB006BA221 /* Spices.swift */,
			);
			path = Spices;
			sourceTree = "<group>";
		};
		917F37D527A174CB006BA221 /* Vehicles */ = {
			isa = PBXGroup;
			children = (
				917F37D627A174CB006BA221 /* VehiclesAttributeTransformer.swift */,
				917F37D727A174CB006BA221 /* Vehicles.swift */,
				917F37D827A174CB006BA221 /* VehiclesNSSecureCoding.swift */,
			);
			path = Vehicles;
			sourceTree = "<group>";
		};
		91800369279DFA5100F0FEDD /* Network */ = {
			isa = PBXGroup;
			children = (
				9180036C279DFA7D00F0FEDD /* Parcer */,
				9180037C279E031B00F0FEDD /* Result */,
				9180038E279E051400F0FEDD /* Network */,
				91800386279E042200F0FEDD /* APIWrapper */,
				91800389279E047400F0FEDD /* Protocols */,
				91800399279E06C800F0FEDD /* API */,
			);
			path = Network;
			sourceTree = "<group>";
		};
		9180036C279DFA7D00F0FEDD /* Parcer */ = {
			isa = PBXGroup;
			children = (
				9180036A279DFA5C00F0FEDD /* ParserHelper.swift */,
			);
			path = Parcer;
			sourceTree = "<group>";
		};
		9180037C279E031B00F0FEDD /* Result */ = {
			isa = PBXGroup;
			children = (
				9180036D279DFA8E00F0FEDD /* Result.swift */,
				9180036F279DFAB100F0FEDD /* ErrorResult.swift */,
			);
			path = Result;
			sourceTree = "<group>";
		};
		9180037D279E036800F0FEDD /* Reachability */ = {
			isa = PBXGroup;
			children = (
				9180037E279E036800F0FEDD /* ReachabilityError.swift */,
				9180037F279E036800F0FEDD /* Reachability.swift */,
			);
			path = Reachability;
			sourceTree = "<group>";
		};
		91800386279E042200F0FEDD /* APIWrapper */ = {
			isa = PBXGroup;
			children = (
				91800382279E041100F0FEDD /* APIRouter.swift */,
			);
			path = APIWrapper;
			sourceTree = "<group>";
		};
		91800389279E047400F0FEDD /* Protocols */ = {
			isa = PBXGroup;
			children = (
				91800387279E046300F0FEDD /* Parceable.swift */,
				9180038A279E049900F0FEDD /* RouterProtocol.swift */,
				91800395279E058800F0FEDD /* NetworkingDataSource.swift */,
			);
			path = Protocols;
			sourceTree = "<group>";
		};
		9180038E279E051400F0FEDD /* Network */ = {
			isa = PBXGroup;
			children = (
				9180038F279E051400F0FEDD /* NetworkService.swift */,
				91800390279E051400F0FEDD /* NetworkHandler.swift */,
				91800391279E051400F0FEDD /* NetworkMethod.swift */,
			);
			name = Network;
			path = StarWars2/Network/Network;
			sourceTree = SOURCE_ROOT;
		};
		91800399279E06C800F0FEDD /* API */ = {
			isa = PBXGroup;
			children = (
				91800397279E065900F0FEDD /* APIManager.swift */,
			);
			path = API;
			sourceTree = "<group>";
		};
		91BCC52427A39B6100D01392 /* List */ = {
			isa = PBXGroup;
			children = (
				9180039A279E08A100F0FEDD /* ListViewModel.swift */,
				91BCC52227A39B2D00D01392 /* ListViewModel+API.swift */,
			);
			path = List;
			sourceTree = "<group>";
		};
		91BCC52527A39B6900D01392 /* Detail */ = {
			isa = PBXGroup;
			children = (
				918003A2279E4F9700F0FEDD /* DetailViewModel.swift */,
				917F377527A1243E006BA221 /* DetailDisplayFields.swift */,
			);
			path = Detail;
			sourceTree = "<group>";
		};
		91BCC52627A39B7100D01392 /* Home */ = {
			isa = PBXGroup;
			children = (
				911B52E4279D0986001A8169 /* HomeViewModel.swift */,
			);
			path = Home;
			sourceTree = "<group>";
		};
		91BCC52727A39D2C00D01392 /* Common */ = {
			isa = PBXGroup;
			children = (
				91CBCF01279F647A00557A53 /* Gender.swift */,
				91CBCF03279F647A00557A53 /* BaseModel.swift */,
				91CBCF04279F647A00557A53 /* StarWars.swift */,
			);
			path = Common;
			sourceTree = "<group>";
		};
		91BCC53427A3C3C200D01392 /* Mocks */ = {
			isa = PBXGroup;
			children = (
				91BCC53227A3C3BE00D01392 /* MockHomeViewController.swift */,
				91BCC53627A3C4F200D01392 /* UINavigationControllerMock.swift */,
			);
			path = Mocks;
			sourceTree = "<group>";
		};
		91BCC53C27A3C59D00D01392 /* ViewModel */ = {
			isa = PBXGroup;
			children = (
				91BCC55027A3F16200D01392 /* Home */,
				91BCC54D27A3F13B00D01392 /* List */,
				91BCC55327A3F1AA00D01392 /* Detail */,
			);
			path = ViewModel;
			sourceTree = "<group>";
		};
		91BCC54D27A3F13B00D01392 /* List */ = {
			isa = PBXGroup;
			children = (
				91BCC53F27A3C5D000D01392 /* ListViewModelTests.swift */,
				91BCC54B27A3F10500D01392 /* MockListViewModelProtocol.swift */,
			);
			path = List;
			sourceTree = "<group>";
		};
		91BCC55027A3F16200D01392 /* Home */ = {
			isa = PBXGroup;
			children = (
				91BCC53D27A3C5BD00D01392 /* HomeViewModelTests.swift */,
				91BCC54E27A3F15400D01392 /* MockHomeViewModelProtocol.swift */,
			);
			path = Home;
			sourceTree = "<group>";
		};
		91BCC55327A3F1AA00D01392 /* Detail */ = {
			isa = PBXGroup;
			children = (
				91BCC54127A3C5DF00D01392 /* DetailViewModelTests.swift */,
				91BCC55127A3F18600D01392 /* MockDetailViewModelProtocol.swift */,
			);
			path = Detail;
			sourceTree = "<group>";
		};
		91BCC56527A414D100D01392 /* Json */ = {
			isa = PBXGroup;
			children = (
				91BCC55627A3F84400D01392 /* PlanetsFirstPageResponse.json */,
				91BCC55927A3F9A800D01392 /* PlanetsPageResponse.json */,
				91BCC55B27A3F9CF00D01392 /* PlanetsLastPageResponse.json */,
			);
			path = Json;
			sourceTree = "<group>";
		};
		91BCC56627A414F400D01392 /* Network */ = {
			isa = PBXGroup;
			children = (
				91BCC56527A414D100D01392 /* Json */,
				91BCC54927A3EFC600D01392 /* MockURLSession.swift */,
				91BCC55427A3F65D00D01392 /* MockResponses.swift */,
				91BCC56127A4107800D01392 /* MockURLProtocol.swift */,
				91BCC56327A4113500D01392 /* NetworkLayerTests.swift */,
			);
			path = Network;
			sourceTree = "<group>";
		};
		91CBCEFD279F466D00557A53 /* CoreData */ = {
			isa = PBXGroup;
			children = (
				91CBCEFE279F467900557A53 /* CoreDataHelper.swift */,
				91BCC52027A399FC00D01392 /* CoreDataHelper+Entities.swift */,
			);
			path = CoreData;
			sourceTree = "<group>";
		};
		91CBCF00279F647A00557A53 /* Model */ = {
			isa = PBXGroup;
			children = (
				91BCC52727A39D2C00D01392 /* Common */,
				91CBCF02279F647A00557A53 /* FilmModel.swift */,
				91CBCF05279F647A00557A53 /* PlanetModel.swift */,
				91CBCF06279F647A00557A53 /* PeopleModel.swift */,
				91C743AA27A03C3900F32814 /* StarshipModel.swift */,
				91C743AC27A03C4700F32814 /* SpicesModel.swift */,
				91C743AE27A03C5800F32814 /* VehicleModel.swift */,
			);
			path = Model;
			sourceTree = "<group>";
		};
		91D64050279CC2C4003D9C21 = {
			isa = PBXGroup;
			children = (
				91BCC56827A41C9700D01392 /* Features.md */,
				91D640AA279CC6CD003D9C21 /* README.md */,
				91D640AB279CC6CD003D9C21 /* StarWars2 */,
				91D64075279CC2C6003D9C21 /* StarWars2Tests */,
				91D6407F279CC2C6003D9C21 /* StarWars2UITests */,
				91D6405A279CC2C4003D9C21 /* Products */,
			);
			sourceTree = "<group>";
		};
		91D6405A279CC2C4003D9C21 /* Products */ = {
			isa = PBXGroup;
			children = (
				91D64059279CC2C4003D9C21 /* StarWars2.app */,
				91D64072279CC2C6003D9C21 /* StarWars2Tests.xctest */,
				91D6407C279CC2C6003D9C21 /* StarWars2UITests.xctest */,
			);
			name = Products;
			sourceTree = "<group>";
		};
		91D64075279CC2C6003D9C21 /* StarWars2Tests */ = {
			isa = PBXGroup;
			children = (
				91BCC53C27A3C59D00D01392 /* ViewModel */,
				91BCC53427A3C3C200D01392 /* Mocks */,
				91BCC56627A414F400D01392 /* Network */,
			);
			path = StarWars2Tests;
			sourceTree = "<group>";
		};
		91D6407F279CC2C6003D9C21 /* StarWars2UITests */ = {
			isa = PBXGroup;
			children = (
				91D64080279CC2C6003D9C21 /* StarWars2UITests.swift */,
				91D64082279CC2C6003D9C21 /* StarWars2UITestsLaunchTests.swift */,
				91BCC52827A39FC600D01392 /* XCUIElement.swift */,
				91BCC52A27A3A2B900D01392 /* HomeUITests.swift */,
				91BCC52C27A3AE4E00D01392 /* ListUITests.swift */,
				91BCC52E27A3AF4000D01392 /* NavigationTests.swift */,
				91BCC53027A3B96000D01392 /* DetailUITest.swift */,
			);
			path = StarWars2UITests;
			sourceTree = "<group>";
		};
		91D640AB279CC6CD003D9C21 /* StarWars2 */ = {
			isa = PBXGroup;
			children = (
				91D640E8279CDC1F003D9C21 /* Info.plist */,
				91800369279DFA5100F0FEDD /* Network */,
				91D640AC279CC6CD003D9C21 /* Resources */,
				91D640AE279CC6CD003D9C21 /* Architecture */,
				91D640B3279CC6CD003D9C21 /* AppSpecific */,
				91D640BB279CC6CD003D9C21 /* DataStrore */,
				91D640BE279CC6CD003D9C21 /* Helpers */,
			);
			path = StarWars2;
			sourceTree = "<group>";
		};
		91D640AC279CC6CD003D9C21 /* Resources */ = {
			isa = PBXGroup;
			children = (
				91D640AD279CC6CD003D9C21 /* Assets.xcassets */,
			);
			path = Resources;
			sourceTree = "<group>";
		};
		91D640AE279CC6CD003D9C21 /* Architecture */ = {
			isa = PBXGroup;
			children = (
				91CBCF00279F647A00557A53 /* Model */,
				91D640AF279CC6CD003D9C21 /* ViewModel */,
				91D640B2279CC6CD003D9C21 /* View */,
			);
			path = Architecture;
			sourceTree = "<group>";
		};
		91D640AF279CC6CD003D9C21 /* ViewModel */ = {
			isa = PBXGroup;
			children = (
				91BCC52627A39B7100D01392 /* Home */,
				91BCC52427A39B6100D01392 /* List */,
				91BCC52527A39B6900D01392 /* Detail */,
			);
			path = ViewModel;
			sourceTree = "<group>";
		};
		91D640B2279CC6CD003D9C21 /* View */ = {
			isa = PBXGroup;
			children = (
				91D640D9279CD00C003D9C21 /* Views */,
				91D640D6279CCF97003D9C21 /* ViewController */,
			);
			path = View;
			sourceTree = "<group>";
		};
		91D640B3279CC6CD003D9C21 /* AppSpecific */ = {
			isa = PBXGroup;
			children = (
				91D640B4279CC6CD003D9C21 /* LaunchScreen.storyboard */,
				91D640B6279CC6CD003D9C21 /* Main.storyboard */,
				91D640B8279CC6CD003D9C21 /* AppDelegate.swift */,
				91D640BA279CC6CD003D9C21 /* SceneDelegate.swift */,
			);
			path = AppSpecific;
			sourceTree = "<group>";
		};
		91D640BB279CC6CD003D9C21 /* DataStrore */ = {
			isa = PBXGroup;
			children = (
				917F379727A1360B006BA221 /* CoreDataModel */,
				91C167D3279FA3EB007244D3 /* StarWars2.xcdatamodeld */,
			);
			path = DataStrore;
			sourceTree = "<group>";
		};
		91D640BE279CC6CD003D9C21 /* Helpers */ = {
			isa = PBXGroup;
			children = (
				91CBCEFD279F466D00557A53 /* CoreData */,
				9180037D279E036800F0FEDD /* Reachability */,
				91D640BF279CC6CD003D9C21 /* Constants */,
				91D640C1279CC6CD003D9C21 /* Extensions */,
				911B52DE279D035B001A8169 /* TableCellDelegate.swift */,
				911B52E0279D037B001A8169 /* TableCellDataSource.swift */,
			);
			path = Helpers;
			sourceTree = "<group>";
		};
		91D640BF279CC6CD003D9C21 /* Constants */ = {
			isa = PBXGroup;
			children = (
				91D640C0279CC6CD003D9C21 /* Constants.swift */,
			);
			path = Constants;
			sourceTree = "<group>";
		};
		91D640C1279CC6CD003D9C21 /* Extensions */ = {
			isa = PBXGroup;
			children = (
				91D640C2279CC6CD003D9C21 /* String.swift */,
				91D640D4279CCDBC003D9C21 /* UIView.swift */,
				9180039E279E38D300F0FEDD /* UIViewController.swift */,
				91CB9685279EE4D500CFCADD /* UIStackView.swift */,
			);
			path = Extensions;
			sourceTree = "<group>";
		};
		91D640D6279CCF97003D9C21 /* ViewController */ = {
			isa = PBXGroup;
			children = (
				91D640D7279CCFAA003D9C21 /* HomeViewController.swift */,
				91D640DE279CD5E9003D9C21 /* ListViewController.swift */,
				91D640E0279CD5F3003D9C21 /* DetailViewController.swift */,
			);
			path = ViewController;
			sourceTree = "<group>";
		};
		91D640D9279CD00C003D9C21 /* Views */ = {
			isa = PBXGroup;
			children = (
				91D640DA279CD023003D9C21 /* HomeViewCell.swift */,
				91D640DC279CD5D5003D9C21 /* ListViewCell.swift */,
				91D640E2279CD60E003D9C21 /* DetailRowViewCell.swift */,
			);
			path = Views;
			sourceTree = "<group>";
		};
/* End PBXGroup section */

/* Begin PBXNativeTarget section */
		91D64058279CC2C4003D9C21 /* StarWars2 */ = {
			isa = PBXNativeTarget;
			buildConfigurationList = 91D64086279CC2C6003D9C21 /* Build configuration list for PBXNativeTarget "StarWars2" */;
			buildPhases = (
				91D64055279CC2C4003D9C21 /* Sources */,
				91D64056279CC2C4003D9C21 /* Frameworks */,
				91D64057279CC2C4003D9C21 /* Resources */,
			);
			buildRules = (
			);
			dependencies = (
			);
			name = StarWars2;
			productName = StarWars2;
			productReference = 91D64059279CC2C4003D9C21 /* StarWars2.app */;
			productType = "com.apple.product-type.application";
		};
		91D64071279CC2C6003D9C21 /* StarWars2Tests */ = {
			isa = PBXNativeTarget;
			buildConfigurationList = 91D64089279CC2C6003D9C21 /* Build configuration list for PBXNativeTarget "StarWars2Tests" */;
			buildPhases = (
				91D6406E279CC2C6003D9C21 /* Sources */,
				91D6406F279CC2C6003D9C21 /* Frameworks */,
				91D64070279CC2C6003D9C21 /* Resources */,
			);
			buildRules = (
			);
			dependencies = (
				91D64074279CC2C6003D9C21 /* PBXTargetDependency */,
			);
			name = StarWars2Tests;
			productName = StarWars2Tests;
			productReference = 91D64072279CC2C6003D9C21 /* StarWars2Tests.xctest */;
			productType = "com.apple.product-type.bundle.unit-test";
		};
		91D6407B279CC2C6003D9C21 /* StarWars2UITests */ = {
			isa = PBXNativeTarget;
			buildConfigurationList = 91D6408C279CC2C6003D9C21 /* Build configuration list for PBXNativeTarget "StarWars2UITests" */;
			buildPhases = (
				91D64078279CC2C6003D9C21 /* Sources */,
				91D64079279CC2C6003D9C21 /* Frameworks */,
				91D6407A279CC2C6003D9C21 /* Resources */,
			);
			buildRules = (
			);
			dependencies = (
				91D6407E279CC2C6003D9C21 /* PBXTargetDependency */,
			);
			name = StarWars2UITests;
			productName = StarWars2UITests;
			productReference = 91D6407C279CC2C6003D9C21 /* StarWars2UITests.xctest */;
			productType = "com.apple.product-type.bundle.ui-testing";
		};
/* End PBXNativeTarget section */

/* Begin PBXProject section */
		91D64051279CC2C4003D9C21 /* Project object */ = {
			isa = PBXProject;
			attributes = {
				BuildIndependentTargetsInParallel = 1;
				LastSwiftUpdateCheck = 1320;
				LastUpgradeCheck = 1320;
				TargetAttributes = {
					91D64058279CC2C4003D9C21 = {
						CreatedOnToolsVersion = 13.2.1;
					};
					91D64071279CC2C6003D9C21 = {
						CreatedOnToolsVersion = 13.2.1;
						TestTargetID = 91D64058279CC2C4003D9C21;
					};
					91D6407B279CC2C6003D9C21 = {
						CreatedOnToolsVersion = 13.2.1;
						TestTargetID = 91D64058279CC2C4003D9C21;
					};
				};
			};
			buildConfigurationList = 91D64054279CC2C4003D9C21 /* Build configuration list for PBXProject "StarWars2" */;
			compatibilityVersion = "Xcode 13.0";
			developmentRegion = en;
			hasScannedForEncodings = 0;
			knownRegions = (
				en,
				Base,
			);
			mainGroup = 91D64050279CC2C4003D9C21;
			productRefGroup = 91D6405A279CC2C4003D9C21 /* Products */;
			projectDirPath = "";
			projectRoot = "";
			targets = (
				91D64058279CC2C4003D9C21 /* StarWars2 */,
				91D64071279CC2C6003D9C21 /* StarWars2Tests */,
				91D6407B279CC2C6003D9C21 /* StarWars2UITests */,
			);
		};
/* End PBXProject section */

/* Begin PBXResourcesBuildPhase section */
		91D64057279CC2C4003D9C21 /* Resources */ = {
			isa = PBXResourcesBuildPhase;
			buildActionMask = 2147483647;
			files = (
				91F134B327A1C1B90056F13A /* LaunchScreen.storyboard in Resources */,
				91D640C6279CC6CD003D9C21 /* Assets.xcassets in Resources */,
				91D640C5279CC6CD003D9C21 /* README.md in Resources */,
				91F134B427A1C1B90056F13A /* Main.storyboard in Resources */,
			);
			runOnlyForDeploymentPostprocessing = 0;
		};
		91D64070279CC2C6003D9C21 /* Resources */ = {
			isa = PBXResourcesBuildPhase;
			buildActionMask = 2147483647;
			files = (
				91BCC55A27A3F9A800D01392 /* PlanetsPageResponse.json in Resources */,
				91BCC55727A3F84400D01392 /* PlanetsFirstPageResponse.json in Resources */,
				91BCC55C27A3F9CF00D01392 /* PlanetsLastPageResponse.json in Resources */,
			);
			runOnlyForDeploymentPostprocessing = 0;
		};
		91D6407A279CC2C6003D9C21 /* Resources */ = {
			isa = PBXResourcesBuildPhase;
			buildActionMask = 2147483647;
			files = (
			);
			runOnlyForDeploymentPostprocessing = 0;
		};
/* End PBXResourcesBuildPhase section */

/* Begin PBXSourcesBuildPhase section */
		91D64055279CC2C4003D9C21 /* Sources */ = {
			isa = PBXSourcesBuildPhase;
			buildActionMask = 2147483647;
			files = (
				917F37AB27A1362A006BA221 /* PlanetsAttributeTransformer.swift in Sources */,
				91BCC50827A3599600D01392 /* FilmsAttributeTransformer.swift in Sources */,
				91C743AF27A03C5800F32814 /* VehicleModel.swift in Sources */,
				911B52E5279D0986001A8169 /* HomeViewModel.swift in Sources */,
				91800388279E046300F0FEDD /* Parceable.swift in Sources */,
				91C167D5279FA3EB007244D3 /* StarWars2.xcdatamodeld in Sources */,
				918003A3279E4F9700F0FEDD /* DetailViewModel.swift in Sources */,
				91BCC51027A3599D00D01392 /* Spices.swift in Sources */,
				91BCC51127A3599D00D01392 /* StarshipsAttributeTransformer.swift in Sources */,
				91CBCF0A279F647A00557A53 /* StarWars.swift in Sources */,
				91800380279E036800F0FEDD /* ReachabilityError.swift in Sources */,
				91D640E1279CD5F3003D9C21 /* DetailViewController.swift in Sources */,
				917F37AD27A1365F006BA221 /* PlanetsNSSecureCoding.swift in Sources */,
				9180039F279E38D300F0FEDD /* UIViewController.swift in Sources */,
				91BCC50727A3599600D01392 /* FilmsNSSecureCoding.swift in Sources */,
				91C16841279FBE23007244D3 /* PeopleModel.swift in Sources */,
				91D640DD279CD5D5003D9C21 /* ListViewCell.swift in Sources */,
				91BCC50627A3593900D01392 /* Films.swift in Sources */,
				91800394279E051400F0FEDD /* NetworkMethod.swift in Sources */,
				91D640E3279CD60E003D9C21 /* DetailRowViewCell.swift in Sources */,
				911B52E1279D037B001A8169 /* TableCellDataSource.swift in Sources */,
				91CBCF0B279F647A00557A53 /* PlanetModel.swift in Sources */,
				917F37AF27A13681006BA221 /* PeopleAttributeTransformer.swift in Sources */,
				91D640CF279CC6CD003D9C21 /* String.swift in Sources */,
				91D640DF279CD5E9003D9C21 /* ListViewController.swift in Sources */,
				91BCC50E27A3599D00D01392 /* StarshipsNSSecureCoding.swift in Sources */,
				917F37B127A13687006BA221 /* PeopleNSSecureCoding.swift in Sources */,
				91800392279E051400F0FEDD /* NetworkService.swift in Sources */,
				911B52DF279D035B001A8169 /* TableCellDelegate.swift in Sources */,
				91C743AD27A03C4700F32814 /* SpicesModel.swift in Sources */,
				91D640CE279CC6CD003D9C21 /* Constants.swift in Sources */,
				91BCC52327A39B2D00D01392 /* ListViewModel+API.swift in Sources */,
				91D640CA279CC6CD003D9C21 /* AppDelegate.swift in Sources */,
				91BCC50C27A3599D00D01392 /* SpicesNSSecureCoding.swift in Sources */,
				917F37A627A1360B006BA221 /* Residents.swift in Sources */,
				91C743AB27A03C3900F32814 /* StarshipModel.swift in Sources */,
				917F377627A1243E006BA221 /* DetailDisplayFields.swift in Sources */,
				91CBCF07279F647A00557A53 /* Gender.swift in Sources */,
				91800393279E051400F0FEDD /* NetworkHandler.swift in Sources */,
				91CBCF09279F647A00557A53 /* BaseModel.swift in Sources */,
				91800383279E041100F0FEDD /* APIRouter.swift in Sources */,
				91800381279E036800F0FEDD /* Reachability.swift in Sources */,
				91800396279E058800F0FEDD /* NetworkingDataSource.swift in Sources */,
				9180036E279DFA8E00F0FEDD /* Result.swift in Sources */,
				91C16840279FBE20007244D3 /* FilmModel.swift in Sources */,
				9180036B279DFA5C00F0FEDD /* ParserHelper.swift in Sources */,
				91D640CC279CC6CD003D9C21 /* SceneDelegate.swift in Sources */,
				91CBCEFF279F467900557A53 /* CoreDataHelper.swift in Sources */,
				91D640DB279CD023003D9C21 /* HomeViewCell.swift in Sources */,
				91D640D8279CCFAA003D9C21 /* HomeViewController.swift in Sources */,
				91BCC50F27A3599D00D01392 /* Starships.swift in Sources */,
				91800398279E065900F0FEDD /* APIManager.swift in Sources */,
				91BCC52127A399FC00D01392 /* CoreDataHelper+Entities.swift in Sources */,
				917F37E927A19AEA006BA221 /* Planets+Operations.swift in Sources */,
				91BCC50D27A3599D00D01392 /* SpicesAttributeTransformer.swift in Sources */,
				91D640D5279CCDBC003D9C21 /* UIView.swift in Sources */,
				91800370279DFAB100F0FEDD /* ErrorResult.swift in Sources */,
				91BCC50927A3599D00D01392 /* VehiclesAttributeTransformer.swift in Sources */,
				91CB9686279EE4D500CFCADD /* UIStackView.swift in Sources */,
				9180038B279E049900F0FEDD /* RouterProtocol.swift in Sources */,
				9180039B279E08A100F0FEDD /* ListViewModel.swift in Sources */,
				91BCC50A27A3599D00D01392 /* Vehicles.swift in Sources */,
				91BCC50B27A3599D00D01392 /* VehiclesNSSecureCoding.swift in Sources */,
				917F37A727A1360B006BA221 /* Planets.swift in Sources */,
			);
			runOnlyForDeploymentPostprocessing = 0;
		};
		91D6406E279CC2C6003D9C21 /* Sources */ = {
			isa = PBXSourcesBuildPhase;
			buildActionMask = 2147483647;
			files = (
				91BCC54A27A3EFC600D01392 /* MockURLSession.swift in Sources */,
				91BCC54F27A3F15400D01392 /* MockHomeViewModelProtocol.swift in Sources */,
				91BCC55527A3F65E00D01392 /* MockResponses.swift in Sources */,
				91BCC54C27A3F10500D01392 /* MockListViewModelProtocol.swift in Sources */,
				91BCC53E27A3C5BD00D01392 /* HomeViewModelTests.swift in Sources */,
				91BCC55227A3F18600D01392 /* MockDetailViewModelProtocol.swift in Sources */,
				91BCC56227A4107800D01392 /* MockURLProtocol.swift in Sources */,
				91BCC54027A3C5D000D01392 /* ListViewModelTests.swift in Sources */,
				91BCC54227A3C5DF00D01392 /* DetailViewModelTests.swift in Sources */,
				91BCC53327A3C3BE00D01392 /* MockHomeViewController.swift in Sources */,
				91BCC53727A3C4F200D01392 /* UINavigationControllerMock.swift in Sources */,
			);
			runOnlyForDeploymentPostprocessing = 0;
		};
		91D64078279CC2C6003D9C21 /* Sources */ = {
			isa = PBXSourcesBuildPhase;
			buildActionMask = 2147483647;
			files = (
				91BCC53127A3B96000D01392 /* DetailUITest.swift in Sources */,
				91BCC52D27A3AE4E00D01392 /* ListUITests.swift in Sources */,
				91BCC53827A3C4FD00D01392 /* UINavigationControllerMock.swift in Sources */,
				91BCC52F27A3AF4000D01392 /* NavigationTests.swift in Sources */,
				91BCC53527A3C40A00D01392 /* MockHomeViewController.swift in Sources */,
				91BCC52927A39FC600D01392 /* XCUIElement.swift in Sources */,
				91D64083279CC2C6003D9C21 /* StarWars2UITestsLaunchTests.swift in Sources */,
				91BCC52B27A3A2B900D01392 /* HomeUITests.swift in Sources */,
				91D64081279CC2C6003D9C21 /* StarWars2UITests.swift in Sources */,
			);
			runOnlyForDeploymentPostprocessing = 0;
		};
/* End PBXSourcesBuildPhase section */

/* Begin PBXTargetDependency section */
		91D64074279CC2C6003D9C21 /* PBXTargetDependency */ = {
			isa = PBXTargetDependency;
			target = 91D64058279CC2C4003D9C21 /* StarWars2 */;
			targetProxy = 91D64073279CC2C6003D9C21 /* PBXContainerItemProxy */;
		};
		91D6407E279CC2C6003D9C21 /* PBXTargetDependency */ = {
			isa = PBXTargetDependency;
			target = 91D64058279CC2C4003D9C21 /* StarWars2 */;
			targetProxy = 91D6407D279CC2C6003D9C21 /* PBXContainerItemProxy */;
		};
/* End PBXTargetDependency section */

/* Begin PBXVariantGroup section */
		91D640B4279CC6CD003D9C21 /* LaunchScreen.storyboard */ = {
			isa = PBXVariantGroup;
			children = (
				91D640B5279CC6CD003D9C21 /* Base */,
			);
			name = LaunchScreen.storyboard;
			sourceTree = "<group>";
		};
		91D640B6279CC6CD003D9C21 /* Main.storyboard */ = {
			isa = PBXVariantGroup;
			children = (
				91D640B7279CC6CD003D9C21 /* Base */,
			);
			name = Main.storyboard;
			sourceTree = "<group>";
		};
/* End PBXVariantGroup section */

/* Begin XCBuildConfiguration section */
		91D64084279CC2C6003D9C21 /* Debug */ = {
			isa = XCBuildConfiguration;
			buildSettings = {
				ALWAYS_SEARCH_USER_PATHS = NO;
				CLANG_ANALYZER_NONNULL = YES;
				CLANG_ANALYZER_NUMBER_OBJECT_CONVERSION = YES_AGGRESSIVE;
				CLANG_CXX_LANGUAGE_STANDARD = "gnu++17";
				CLANG_CXX_LIBRARY = "libc++";
				CLANG_ENABLE_MODULES = YES;
				CLANG_ENABLE_OBJC_ARC = YES;
				CLANG_ENABLE_OBJC_WEAK = YES;
				CLANG_WARN_BLOCK_CAPTURE_AUTORELEASING = YES;
				CLANG_WARN_BOOL_CONVERSION = YES;
				CLANG_WARN_COMMA = YES;
				CLANG_WARN_CONSTANT_CONVERSION = YES;
				CLANG_WARN_DEPRECATED_OBJC_IMPLEMENTATIONS = YES;
				CLANG_WARN_DIRECT_OBJC_ISA_USAGE = YES_ERROR;
				CLANG_WARN_DOCUMENTATION_COMMENTS = YES;
				CLANG_WARN_EMPTY_BODY = YES;
				CLANG_WARN_ENUM_CONVERSION = YES;
				CLANG_WARN_INFINITE_RECURSION = YES;
				CLANG_WARN_INT_CONVERSION = YES;
				CLANG_WARN_NON_LITERAL_NULL_CONVERSION = YES;
				CLANG_WARN_OBJC_IMPLICIT_RETAIN_SELF = YES;
				CLANG_WARN_OBJC_LITERAL_CONVERSION = YES;
				CLANG_WARN_OBJC_ROOT_CLASS = YES_ERROR;
				CLANG_WARN_QUOTED_INCLUDE_IN_FRAMEWORK_HEADER = YES;
				CLANG_WARN_RANGE_LOOP_ANALYSIS = YES;
				CLANG_WARN_STRICT_PROTOTYPES = YES;
				CLANG_WARN_SUSPICIOUS_MOVE = YES;
				CLANG_WARN_UNGUARDED_AVAILABILITY = YES_AGGRESSIVE;
				CLANG_WARN_UNREACHABLE_CODE = YES;
				CLANG_WARN__DUPLICATE_METHOD_MATCH = YES;
				CODE_SIGN_IDENTITY = "Apple Development";
				COPY_PHASE_STRIP = NO;
				DEBUG_INFORMATION_FORMAT = dwarf;
				ENABLE_STRICT_OBJC_MSGSEND = YES;
				ENABLE_TESTABILITY = YES;
				GCC_C_LANGUAGE_STANDARD = gnu11;
				GCC_DYNAMIC_NO_PIC = NO;
				GCC_NO_COMMON_BLOCKS = YES;
				GCC_OPTIMIZATION_LEVEL = 0;
				GCC_PREPROCESSOR_DEFINITIONS = (
					"DEBUG=1",
					"$(inherited)",
				);
				GCC_WARN_64_TO_32_BIT_CONVERSION = YES;
				GCC_WARN_ABOUT_RETURN_TYPE = YES_ERROR;
				GCC_WARN_UNDECLARED_SELECTOR = YES;
				GCC_WARN_UNINITIALIZED_AUTOS = YES_AGGRESSIVE;
				GCC_WARN_UNUSED_FUNCTION = YES;
				GCC_WARN_UNUSED_VARIABLE = YES;
				IPHONEOS_DEPLOYMENT_TARGET = 15.2;
				MTL_ENABLE_DEBUG_INFO = INCLUDE_SOURCE;
				MTL_FAST_MATH = YES;
				ONLY_ACTIVE_ARCH = YES;
				SDKROOT = iphoneos;
				SWIFT_ACTIVE_COMPILATION_CONDITIONS = DEBUG;
				SWIFT_OPTIMIZATION_LEVEL = "-Onone";
			};
			name = Debug;
		};
		91D64085279CC2C6003D9C21 /* Release */ = {
			isa = XCBuildConfiguration;
			buildSettings = {
				ALWAYS_SEARCH_USER_PATHS = NO;
				CLANG_ANALYZER_NONNULL = YES;
				CLANG_ANALYZER_NUMBER_OBJECT_CONVERSION = YES_AGGRESSIVE;
				CLANG_CXX_LANGUAGE_STANDARD = "gnu++17";
				CLANG_CXX_LIBRARY = "libc++";
				CLANG_ENABLE_MODULES = YES;
				CLANG_ENABLE_OBJC_ARC = YES;
				CLANG_ENABLE_OBJC_WEAK = YES;
				CLANG_WARN_BLOCK_CAPTURE_AUTORELEASING = YES;
				CLANG_WARN_BOOL_CONVERSION = YES;
				CLANG_WARN_COMMA = YES;
				CLANG_WARN_CONSTANT_CONVERSION = YES;
				CLANG_WARN_DEPRECATED_OBJC_IMPLEMENTATIONS = YES;
				CLANG_WARN_DIRECT_OBJC_ISA_USAGE = YES_ERROR;
				CLANG_WARN_DOCUMENTATION_COMMENTS = YES;
				CLANG_WARN_EMPTY_BODY = YES;
				CLANG_WARN_ENUM_CONVERSION = YES;
				CLANG_WARN_INFINITE_RECURSION = YES;
				CLANG_WARN_INT_CONVERSION = YES;
				CLANG_WARN_NON_LITERAL_NULL_CONVERSION = YES;
				CLANG_WARN_OBJC_IMPLICIT_RETAIN_SELF = YES;
				CLANG_WARN_OBJC_LITERAL_CONVERSION = YES;
				CLANG_WARN_OBJC_ROOT_CLASS = YES_ERROR;
				CLANG_WARN_QUOTED_INCLUDE_IN_FRAMEWORK_HEADER = YES;
				CLANG_WARN_RANGE_LOOP_ANALYSIS = YES;
				CLANG_WARN_STRICT_PROTOTYPES = YES;
				CLANG_WARN_SUSPICIOUS_MOVE = YES;
				CLANG_WARN_UNGUARDED_AVAILABILITY = YES_AGGRESSIVE;
				CLANG_WARN_UNREACHABLE_CODE = YES;
				CLANG_WARN__DUPLICATE_METHOD_MATCH = YES;
				CODE_SIGN_IDENTITY = "Apple Development";
				COPY_PHASE_STRIP = NO;
				DEBUG_INFORMATION_FORMAT = "dwarf-with-dsym";
				ENABLE_NS_ASSERTIONS = NO;
				ENABLE_STRICT_OBJC_MSGSEND = YES;
				GCC_C_LANGUAGE_STANDARD = gnu11;
				GCC_NO_COMMON_BLOCKS = YES;
				GCC_WARN_64_TO_32_BIT_CONVERSION = YES;
				GCC_WARN_ABOUT_RETURN_TYPE = YES_ERROR;
				GCC_WARN_UNDECLARED_SELECTOR = YES;
				GCC_WARN_UNINITIALIZED_AUTOS = YES_AGGRESSIVE;
				GCC_WARN_UNUSED_FUNCTION = YES;
				GCC_WARN_UNUSED_VARIABLE = YES;
				IPHONEOS_DEPLOYMENT_TARGET = 15.2;
				MTL_ENABLE_DEBUG_INFO = NO;
				MTL_FAST_MATH = YES;
				SDKROOT = iphoneos;
				SWIFT_COMPILATION_MODE = wholemodule;
				SWIFT_OPTIMIZATION_LEVEL = "-O";
				VALIDATE_PRODUCT = YES;
			};
			name = Release;
		};
		91D64087279CC2C6003D9C21 /* Debug */ = {
			isa = XCBuildConfiguration;
			buildSettings = {
				ASSETCATALOG_COMPILER_APPICON_NAME = AppIcon;
				ASSETCATALOG_COMPILER_GLOBAL_ACCENT_COLOR_NAME = AccentColor;
				CODE_SIGN_IDENTITY = "Apple Development";
				CODE_SIGN_STYLE = Automatic;
				CURRENT_PROJECT_VERSION = 1;
				DEVELOPMENT_TEAM = 2FXG4UVN94;
				GENERATE_INFOPLIST_FILE = YES;
				INFOPLIST_FILE = StarWars2/Info.plist;
				INFOPLIST_KEY_CFBundleDisplayName = "Star Wars";
				INFOPLIST_KEY_UIApplicationSupportsIndirectInputEvents = YES;
				INFOPLIST_KEY_UILaunchStoryboardName = LaunchScreen;
				INFOPLIST_KEY_UIMainStoryboardFile = Main;
				INFOPLIST_KEY_UISupportedInterfaceOrientations = UIInterfaceOrientationPortrait;
				INFOPLIST_KEY_UISupportedInterfaceOrientations_iPad = "UIInterfaceOrientationPortrait UIInterfaceOrientationPortraitUpsideDown UIInterfaceOrientationLandscapeLeft UIInterfaceOrientationLandscapeRight";
				INFOPLIST_KEY_UISupportedInterfaceOrientations_iPhone = "UIInterfaceOrientationPortrait UIInterfaceOrientationLandscapeLeft UIInterfaceOrientationLandscapeRight";
				IPHONEOS_DEPLOYMENT_TARGET = 13.0;
				LD_RUNPATH_SEARCH_PATHS = (
					"$(inherited)",
					"@executable_path/Frameworks",
				);
				MARKETING_VERSION = 1.0;
				MOMC_NO_INVERSE_RELATIONSHIP_WARNINGS = YES;
				PRODUCT_BUNDLE_IDENTIFIER = com.devashree.starwars;
				PRODUCT_NAME = "$(TARGET_NAME)";
				PROVISIONING_PROFILE_SPECIFIER = "";
				SWIFT_EMIT_LOC_STRINGS = YES;
				SWIFT_VERSION = 5.0;
				TARGETED_DEVICE_FAMILY = "1,2";
			};
			name = Debug;
		};
		91D64088279CC2C6003D9C21 /* Release */ = {
			isa = XCBuildConfiguration;
			buildSettings = {
				ASSETCATALOG_COMPILER_APPICON_NAME = AppIcon;
				ASSETCATALOG_COMPILER_GLOBAL_ACCENT_COLOR_NAME = AccentColor;
				CODE_SIGN_IDENTITY = "Apple Development";
				CODE_SIGN_STYLE = Automatic;
				CURRENT_PROJECT_VERSION = 1;
				DEVELOPMENT_TEAM = 2FXG4UVN94;
				GENERATE_INFOPLIST_FILE = YES;
				INFOPLIST_FILE = StarWars2/Info.plist;
				INFOPLIST_KEY_CFBundleDisplayName = "Star Wars";
				INFOPLIST_KEY_UIApplicationSupportsIndirectInputEvents = YES;
				INFOPLIST_KEY_UILaunchStoryboardName = LaunchScreen;
				INFOPLIST_KEY_UIMainStoryboardFile = Main;
				INFOPLIST_KEY_UISupportedInterfaceOrientations = UIInterfaceOrientationPortrait;
				INFOPLIST_KEY_UISupportedInterfaceOrientations_iPad = "UIInterfaceOrientationPortrait UIInterfaceOrientationPortraitUpsideDown UIInterfaceOrientationLandscapeLeft UIInterfaceOrientationLandscapeRight";
				INFOPLIST_KEY_UISupportedInterfaceOrientations_iPhone = "UIInterfaceOrientationPortrait UIInterfaceOrientationLandscapeLeft UIInterfaceOrientationLandscapeRight";
				IPHONEOS_DEPLOYMENT_TARGET = 13.0;
				LD_RUNPATH_SEARCH_PATHS = (
					"$(inherited)",
					"@executable_path/Frameworks",
				);
				MARKETING_VERSION = 1.0;
				MOMC_NO_INVERSE_RELATIONSHIP_WARNINGS = YES;
				PRODUCT_BUNDLE_IDENTIFIER = com.devashree.starwars;
				PRODUCT_NAME = "$(TARGET_NAME)";
				PROVISIONING_PROFILE_SPECIFIER = "";
				SWIFT_EMIT_LOC_STRINGS = YES;
				SWIFT_VERSION = 5.0;
				TARGETED_DEVICE_FAMILY = "1,2";
			};
			name = Release;
		};
		91D6408A279CC2C6003D9C21 /* Debug */ = {
			isa = XCBuildConfiguration;
			buildSettings = {
				ALWAYS_EMBED_SWIFT_STANDARD_LIBRARIES = YES;
				BUNDLE_LOADER = "$(TEST_HOST)";
				CODE_SIGN_IDENTITY = "Apple Development";
				CODE_SIGN_STYLE = Automatic;
				CURRENT_PROJECT_VERSION = 1;
				GENERATE_INFOPLIST_FILE = YES;
				IPHONEOS_DEPLOYMENT_TARGET = 15.2;
				MARKETING_VERSION = 1.0;
				PRODUCT_BUNDLE_IDENTIFIER = com.devashree.starwars.StarWars2Tests;
				PRODUCT_NAME = "$(TARGET_NAME)";
				SWIFT_EMIT_LOC_STRINGS = NO;
				SWIFT_VERSION = 5.0;
				TARGETED_DEVICE_FAMILY = "1,2";
				TEST_HOST = "$(BUILT_PRODUCTS_DIR)/StarWars2.app/StarWars2";
			};
			name = Debug;
		};
		91D6408B279CC2C6003D9C21 /* Release */ = {
			isa = XCBuildConfiguration;
			buildSettings = {
				ALWAYS_EMBED_SWIFT_STANDARD_LIBRARIES = YES;
				BUNDLE_LOADER = "$(TEST_HOST)";
				CODE_SIGN_IDENTITY = "Apple Development";
				CODE_SIGN_STYLE = Automatic;
				CURRENT_PROJECT_VERSION = 1;
				GENERATE_INFOPLIST_FILE = YES;
				IPHONEOS_DEPLOYMENT_TARGET = 15.2;
				MARKETING_VERSION = 1.0;
				PRODUCT_BUNDLE_IDENTIFIER = com.devashree.starwars.StarWars2Tests;
				PRODUCT_NAME = "$(TARGET_NAME)";
				SWIFT_EMIT_LOC_STRINGS = NO;
				SWIFT_VERSION = 5.0;
				TARGETED_DEVICE_FAMILY = "1,2";
				TEST_HOST = "$(BUILT_PRODUCTS_DIR)/StarWars2.app/StarWars2";
			};
			name = Release;
		};
		91D6408D279CC2C6003D9C21 /* Debug */ = {
			isa = XCBuildConfiguration;
			buildSettings = {
				ALWAYS_EMBED_SWIFT_STANDARD_LIBRARIES = YES;
				CODE_SIGN_IDENTITY = "Apple Development";
				CODE_SIGN_STYLE = Automatic;
				CURRENT_PROJECT_VERSION = 1;
				GENERATE_INFOPLIST_FILE = YES;
				MARKETING_VERSION = 1.0;
				PRODUCT_BUNDLE_IDENTIFIER = com.devashree.starwars.StarWars2UITests;
				PRODUCT_NAME = "$(TARGET_NAME)";
				SWIFT_EMIT_LOC_STRINGS = NO;
				SWIFT_VERSION = 5.0;
				TARGETED_DEVICE_FAMILY = "1,2";
				TEST_TARGET_NAME = StarWars2;
			};
			name = Debug;
		};
		91D6408E279CC2C6003D9C21 /* Release */ = {
			isa = XCBuildConfiguration;
			buildSettings = {
				ALWAYS_EMBED_SWIFT_STANDARD_LIBRARIES = YES;
				CODE_SIGN_IDENTITY = "Apple Development";
				CODE_SIGN_STYLE = Automatic;
				CURRENT_PROJECT_VERSION = 1;
				GENERATE_INFOPLIST_FILE = YES;
				MARKETING_VERSION = 1.0;
				PRODUCT_BUNDLE_IDENTIFIER = com.devashree.starwars.StarWars2UITests;
				PRODUCT_NAME = "$(TARGET_NAME)";
				SWIFT_EMIT_LOC_STRINGS = NO;
				SWIFT_VERSION = 5.0;
				TARGETED_DEVICE_FAMILY = "1,2";
				TEST_TARGET_NAME = StarWars2;
			};
			name = Release;
		};
/* End XCBuildConfiguration section */

/* Begin XCConfigurationList section */
		91D64054279CC2C4003D9C21 /* Build configuration list for PBXProject "StarWars2" */ = {
			isa = XCConfigurationList;
			buildConfigurations = (
				91D64084279CC2C6003D9C21 /* Debug */,
				91D64085279CC2C6003D9C21 /* Release */,
			);
			defaultConfigurationIsVisible = 0;
			defaultConfigurationName = Release;
		};
		91D64086279CC2C6003D9C21 /* Build configuration list for PBXNativeTarget "StarWars2" */ = {
			isa = XCConfigurationList;
			buildConfigurations = (
				91D64087279CC2C6003D9C21 /* Debug */,
				91D64088279CC2C6003D9C21 /* Release */,
			);
			defaultConfigurationIsVisible = 0;
			defaultConfigurationName = Release;
		};
		91D64089279CC2C6003D9C21 /* Build configuration list for PBXNativeTarget "StarWars2Tests" */ = {
			isa = XCConfigurationList;
			buildConfigurations = (
				91D6408A279CC2C6003D9C21 /* Debug */,
				91D6408B279CC2C6003D9C21 /* Release */,
			);
			defaultConfigurationIsVisible = 0;
			defaultConfigurationName = Release;
		};
		91D6408C279CC2C6003D9C21 /* Build configuration list for PBXNativeTarget "StarWars2UITests" */ = {
			isa = XCConfigurationList;
			buildConfigurations = (
				91D6408D279CC2C6003D9C21 /* Debug */,
				91D6408E279CC2C6003D9C21 /* Release */,
			);
			defaultConfigurationIsVisible = 0;
			defaultConfigurationName = Release;
		};
/* End XCConfigurationList section */

/* Begin XCVersionGroup section */
		91C167D3279FA3EB007244D3 /* StarWars2.xcdatamodeld */ = {
			isa = XCVersionGroup;
			children = (
				91C167D4279FA3EB007244D3 /* StarWars2.xcdatamodel */,
			);
			currentVersion = 91C167D4279FA3EB007244D3 /* StarWars2.xcdatamodel */;
			path = StarWars2.xcdatamodeld;
			sourceTree = "<group>";
			versionGroupType = wrapper.xcdatamodel;
		};
/* End XCVersionGroup section */
	};
	rootObject = 91D64051279CC2C4003D9C21 /* Project object */;
}
